
Microsoft Visual Studio Solution File, Format Version 11.00
# Visual Studio 2010
Project("{FAE04EC0-301F-11D3-BF4B-00C04F79EFBC}") = "AjaxUpdate", "AjaxUpdate\AjaxUpdate.csproj", "{7F7EC672-F2D1-4330-8EFC-80BD0B4D0DB2}"
EndProject
Global
	GlobalSection(SolutionConfigurationPlatforms) = preSolution
		Debug|Any CPU = Debug|Any CPU
		Release|Any CPU = Release|Any CPU
	EndGlobalSection
	GlobalSection(ProjectConfigurationPlatforms) = postSolution
		{7F7EC672-F2D1-4330-8EFC-80BD0B4D0DB2}.Debug|Any CPU.ActiveCfg = Debug|Any CPU
		{7F7EC672-F2D1-4330-8EFC-80BD0B4D0DB2}.Debug|Any CPU.Build.0 = Debug|Any CPU
		{7F7EC672-F2D1-4330-8EFC-80BD0B4D0DB2}.Release|Any CPU.ActiveCfg = Release|Any CPU
		{7F7EC672-F2D1-4330-8EFC-80BD0B4D0DB2}.Release|Any CPU.Build.0 = Release|Any CPU
	EndGlobalSection
	GlobalSection(SolutionProperties) = preSolution
		HideSolutionNode = FALSE
	EndGlobalSection
EndGlobal
